
Microsoft Visual Studio Solution File, Format Version 12.00
# Visual Studio Version 17
VisualStudioVersion = 17.7.34024.191
MinimumVisualStudioVersion = 10.0.40219.1
Project("{FAE04EC0-301F-11D3-BF4B-00C04F79EFBC}") = "SistemaVenta.Entity", "SistemaVenta.Entity.csproj", "{3F7BD4B1-DA1A-4B12-825E-B32A8003ACBF}"
EndProject
Project("{FAE04EC0-301F-11D3-BF4B-00C04F79EFBC}") = "SistemaVenta.BLL", "..\SistemaVenta.BLL\SistemaVenta.BLL.csproj", "{6FEB73DC-9186-4589-942C-10D50D876148}"
EndProject
Project("{FAE04EC0-301F-11D3-BF4B-00C04F79EFBC}") = "SistemaVenta.DAL", "..\SistemaVenta.DAL\SistemaVenta.DAL.csproj", "{847931BC-6A1B-49EE-AAA7-6273AFEB1F39}"
EndProject
Project("{FAE04EC0-301F-11D3-BF4B-00C04F79EFBC}") = "SistemaVenta.IOC", "..\SistemaVenta.IOC\SistemaVenta.IOC.csproj", "{DBE3496A-C306-4BA0-A0C0-59E8183880BA}"
EndProject
Project("{FAE04EC0-301F-11D3-BF4B-00C04F79EFBC}") = "SistemaVenta.AplicacionWeb", "..\SistemaVenta.AplicacionWeb\SistemaVenta.AplicacionWeb.csproj", "{B0DE4E66-F4A0-4A90-91F7-04042DDE4955}"
EndProject
Global
	GlobalSection(SolutionConfigurationPlatforms) = preSolution
		Debug|Any CPU = Debug|Any CPU
		Release|Any CPU = Release|Any CPU
	EndGlobalSection
	GlobalSection(ProjectConfigurationPlatforms) = postSolution
		{3F7BD4B1-DA1A-4B12-825E-B32A8003ACBF}.Debug|Any CPU.ActiveCfg = Debug|Any CPU
		{3F7BD4B1-DA1A-4B12-825E-B32A8003ACBF}.Debug|Any CPU.Build.0 = Debug|Any CPU
		{3F7BD4B1-DA1A-4B12-825E-B32A8003ACBF}.Release|Any CPU.ActiveCfg = Release|Any CPU
		{3F7BD4B1-DA1A-4B12-825E-B32A8003ACBF}.Release|Any CPU.Build.0 = Release|Any CPU
		{6FEB73DC-9186-4589-942C-10D50D876148}.Debug|Any CPU.ActiveCfg = Debug|Any CPU
		{6FEB73DC-9186-4589-942C-10D50D876148}.Debug|Any CPU.Build.0 = Debug|Any CPU
		{6FEB73DC-9186-4589-942C-10D50D876148}.Release|Any CPU.ActiveCfg = Release|Any CPU
		{6FEB73DC-9186-4589-942C-10D50D876148}.Release|Any CPU.Build.0 = Release|Any CPU
		{847931BC-6A1B-49EE-AAA7-6273AFEB1F39}.Debug|Any CPU.ActiveCfg = Debug|Any CPU
		{847931BC-6A1B-49EE-AAA7-6273AFEB1F39}.Debug|Any CPU.Build.0 = Debug|Any CPU
		{847931BC-6A1B-49EE-AAA7-6273AFEB1F39}.Release|Any CPU.ActiveCfg = Release|Any CPU
		{847931BC-6A1B-49EE-AAA7-6273AFEB1F39}.Release|Any CPU.Build.0 = Release|Any CPU
		{DBE3496A-C306-4BA0-A0C0-59E8183880BA}.Debug|Any CPU.ActiveCfg = Debug|Any CPU
		{DBE3496A-C306-4BA0-A0C0-59E8183880BA}.Debug|Any CPU.Build.0 = Debug|Any CPU
		{DBE3496A-C306-4BA0-A0C0-59E8183880BA}.Release|Any CPU.ActiveCfg = Release|Any CPU
		{DBE3496A-C306-4BA0-A0C0-59E8183880BA}.Release|Any CPU.Build.0 = Release|Any CPU
		{B0DE4E66-F4A0-4A90-91F7-04042DDE4955}.Debug|Any CPU.ActiveCfg = Debug|Any CPU
		{B0DE4E66-F4A0-4A90-91F7-04042DDE4955}.Debug|Any CPU.Build.0 = Debug|Any CPU
		{B0DE4E66-F4A0-4A90-91F7-04042DDE4955}.Release|Any CPU.ActiveCfg = Release|Any CPU
		{B0DE4E66-F4A0-4A90-91F7-04042DDE4955}.Release|Any CPU.Build.0 = Release|Any CPU
	EndGlobalSection
	GlobalSection(SolutionProperties) = preSolution
		HideSolutionNode = FALSE
	EndGlobalSection
	GlobalSection(ExtensibilityGlobals) = postSolution
		SolutionGuid = {3819AB22-053D-49BC-9924-E855B1307504}
	EndGlobalSection
EndGlobal
